{
  "name": "multi-select-dnd",
  "version": "1.0.3",
  "lockfileVersion": 3,
  "requires": true,
  "packages": {
    "": {
      "name": "multi-select-dnd",
      "version": "1.0.3",
      "license": "ISC",
      "devDependencies": {
        "@types/react": "^19.0.1",
        "@types/react-dom": "^19.0.2",
        "typescript": "^5.7.2"
      },
      "peerDependencies": {
        "react": "^19.0.0",
        "react-dnd": "^16.0.1",
        "react-dom": "^19.0.0"
      }
    },
    "node_modules/@babel/runtime": {
      "version": "7.26.0",
      "resolved": "https://registry.npmjs.org/@babel/runtime/-/runtime-7.26.0.tgz",
      "integrity": "sha512-FDSOghenHTiToteC/QRlv2q3DhPZ/oOXTBoirfWNx1Cx3TMVcGWQtMMmQcSvb/JjpNeGzx8Pq/b4fKEJuWm1sw==",
      "peer": true,
      "dependencies": {
        "regenerator-runtime": "^0.14.0"
      },
      "engines": {
        "node": ">=6.9.0"
      }
    },
    "node_modules/@react-dnd/asap": {
      "version": "5.0.2",
      "resolved": "https://registry.npmjs.org/@react-dnd/asap/-/asap-5.0.2.tgz",
      "integrity": "sha512-WLyfoHvxhs0V9U+GTsGilGgf2QsPl6ZZ44fnv0/b8T3nQyvzxidxsg/ZltbWssbsRDlYW8UKSQMTGotuTotZ6A==",
      "peer": true
    },
    "node_modules/@react-dnd/invariant": {
      "version": "4.0.2",
      "resolved": "https://registry.npmjs.org/@react-dnd/invariant/-/invariant-4.0.2.tgz",
      "integrity": "sha512-xKCTqAK/FFauOM9Ta2pswIyT3D8AQlfrYdOi/toTPEhqCuAs1v5tcJ3Y08Izh1cJ5Jchwy9SeAXmMg6zrKs2iw==",
      "peer": true
    },
    "node_modules/@react-dnd/shallowequal": {
      "version": "4.0.2",
      "resolved": "https://registry.npmjs.org/@react-dnd/shallowequal/-/shallowequal-4.0.2.tgz",
      "integrity": "sha512-/RVXdLvJxLg4QKvMoM5WlwNR9ViO9z8B/qPcc+C0Sa/teJY7QG7kJ441DwzOjMYEY7GmU4dj5EcGHIkKZiQZCA==",
      "peer": true
    },
    "node_modules/@types/react": {
      "version": "19.0.4",
      "resolved": "https://registry.npmjs.org/@types/react/-/react-19.0.4.tgz",
      "integrity": "sha512-3O4QisJDYr1uTUMZHA2YswiQZRq+Pd8D+GdVFYikTutYsTz+QZgWkAPnP7rx9txoI6EXKcPiluMqWPFV3tT9Wg==",
      "devOptional": true,
      "dependencies": {
        "csstype": "^3.0.2"
      }
    },
    "node_modules/@types/react-dom": {
      "version": "19.0.2",
      "resolved": "https://registry.npmjs.org/@types/react-dom/-/react-dom-19.0.2.tgz",
      "integrity": "sha512-c1s+7TKFaDRRxr1TxccIX2u7sfCnc3RxkVyBIUA2lCpyqCF+QoAwQ/CBg7bsMdVwP120HEH143VQezKtef5nCg==",
      "dev": true,
      "peerDependencies": {
        "@types/react": "^19.0.0"
      }
    },
    "node_modules/csstype": {
      "version": "3.1.3",
      "resolved": "https://registry.npmjs.org/csstype/-/csstype-3.1.3.tgz",
      "integrity": "sha512-M1uQkMl8rQK/szD0LNhtqxIPLpimGm8sOBwU7lLnCpSbTyY3yeU1Vc7l4KT5zT4s/yOxHH5O7tIuuLOCnLADRw==",
      "devOptional": true
    },
    "node_modules/dnd-core": {
      "version": "16.0.1",
      "resolved": "https://registry.npmjs.org/dnd-core/-/dnd-core-16.0.1.tgz",
      "integrity": "sha512-HK294sl7tbw6F6IeuK16YSBUoorvHpY8RHO+9yFfaJyCDVb6n7PRcezrOEOa2SBCqiYpemh5Jx20ZcjKdFAVng==",
      "peer": true,
      "dependencies": {
        "@react-dnd/asap": "^5.0.1",
        "@react-dnd/invariant": "^4.0.1",
        "redux": "^4.2.0"
      }
    },
    "node_modules/fast-deep-equal": {
      "version": "3.1.3",
      "resolved": "https://registry.npmjs.org/fast-deep-equal/-/fast-deep-equal-3.1.3.tgz",
      "integrity": "sha512-f3qQ9oQy9j2AhBe/H9VC91wLmKBCCU/gDOnKNAYG5hswO7BLKj09Hc5HYNz9cGI++xlpDCIgDaitVs03ATR84Q==",
      "peer": true
    },
    "node_modules/hoist-non-react-statics": {
      "version": "3.3.2",
      "resolved": "https://registry.npmjs.org/hoist-non-react-statics/-/hoist-non-react-statics-3.3.2.tgz",
      "integrity": "sha512-/gGivxi8JPKWNm/W0jSmzcMPpfpPLc3dY/6GxhX2hQ9iGj3aDfklV4ET7NjKpSinLpJ5vafa9iiGIEZg10SfBw==",
      "peer": true,
      "dependencies": {
        "react-is": "^16.7.0"
      }
    },
    "node_modules/react": {
      "version": "19.0.0",
      "resolved": "https://registry.npmjs.org/react/-/react-19.0.0.tgz",
      "integrity": "sha512-V8AVnmPIICiWpGfm6GLzCR/W5FXLchHop40W4nXBmdlEceh16rCN8O8LNWm5bh5XUX91fh7KpA+W0TgMKmgTpQ==",
      "peer": true,
      "engines": {
        "node": ">=0.10.0"
      }
    },
    "node_modules/react-dnd": {
      "version": "16.0.1",
      "resolved": "https://registry.npmjs.org/react-dnd/-/react-dnd-16.0.1.tgz",
      "integrity": "sha512-QeoM/i73HHu2XF9aKksIUuamHPDvRglEwdHL4jsp784BgUuWcg6mzfxT0QDdQz8Wj0qyRKx2eMg8iZtWvU4E2Q==",
      "peer": true,
      "dependencies": {
        "@react-dnd/invariant": "^4.0.1",
        "@react-dnd/shallowequal": "^4.0.1",
        "dnd-core": "^16.0.1",
        "fast-deep-equal": "^3.1.3",
        "hoist-non-react-statics": "^3.3.2"
      },
      "peerDependencies": {
        "@types/hoist-non-react-statics": ">= 3.3.1",
        "@types/node": ">= 12",
        "@types/react": ">= 16",
        "react": ">= 16.14"
      },
      "peerDependenciesMeta": {
        "@types/hoist-non-react-statics": {
          "optional": true
        },
        "@types/node": {
          "optional": true
        },
        "@types/react": {
          "optional": true
        }
      }
    },
    "node_modules/react-dom": {
      "version": "19.0.0",
      "resolved": "https://registry.npmjs.org/react-dom/-/react-dom-19.0.0.tgz",
      "integrity": "sha512-4GV5sHFG0e/0AD4X+ySy6UJd3jVl1iNsNHdpad0qhABJ11twS3TTBnseqsKurKcsNqCEFeGL3uLpVChpIO3QfQ==",
      "peer": true,
      "dependencies": {
        "scheduler": "^0.25.0"
      },
      "peerDependencies": {
        "react": "^19.0.0"
      }
    },
    "node_modules/react-is": {
      "version": "16.13.1",
      "resolved": "https://registry.npmjs.org/react-is/-/react-is-16.13.1.tgz",
      "integrity": "sha512-24e6ynE2H+OKt4kqsOvNd8kBpV65zoxbA4BVsEOB3ARVWQki/DHzaUoC5KuON/BiccDaCCTZBuOcfZs70kR8bQ==",
      "peer": true
    },
    "node_modules/redux": {
      "version": "4.2.1",
      "resolved": "https://registry.npmjs.org/redux/-/redux-4.2.1.tgz",
      "integrity": "sha512-LAUYz4lc+Do8/g7aeRa8JkyDErK6ekstQaqWQrNRW//MY1TvCEpMtpTWvlQ+FPbWCx+Xixu/6SHt5N0HR+SB4w==",
      "peer": true,
      "dependencies": {
        "@babel/runtime": "^7.9.2"
      }
    },
    "node_modules/regenerator-runtime": {
      "version": "0.14.1",
      "resolved": "https://registry.npmjs.org/regenerator-runtime/-/regenerator-runtime-0.14.1.tgz",
      "integrity": "sha512-dYnhHh0nJoMfnkZs6GmmhFknAGRrLznOu5nc9ML+EJxGvrx6H7teuevqVqCuPcPK//3eDrrjQhehXVx9cnkGdw==",
      "peer": true
    },
    "node_modules/scheduler": {
      "version": "0.25.0",
      "resolved": "https://registry.npmjs.org/scheduler/-/scheduler-0.25.0.tgz",
      "integrity": "sha512-xFVuu11jh+xcO7JOAGJNOXld8/TcEHK/4CituBUeUb5hqxJLj9YuemAEuvm9gQ/+pgXYfbQuqAkiYu+u7YEsNA==",
      "peer": true
    },
    "node_modules/typescript": {
      "version": "5.7.3",
      "resolved": "https://registry.npmjs.org/typescript/-/typescript-5.7.3.tgz",
      "integrity": "sha512-84MVSjMEHP+FQRPy3pX9sTVV/INIex71s9TL2Gm5FG/WG1SqXeKyZ0k7/blY/4FdOzI12CBy1vGc4og/eus0fw==",
      "dev": true,
      "bin": {
        "tsc": "bin/tsc",
        "tsserver": "bin/tsserver"
      },
      "engines": {
        "node": ">=14.17"
      }
    }
  }
}
